
Microsoft Visual Studio Solution File, Format Version 12.00
# Visual Studio Version 17
VisualStudioVersion = 17.0.32112.339
MinimumVisualStudioVersion = 10.0.40219.1
Project("{FAE04EC0-301F-11D3-BF4B-00C04F79EFBC}") = "UI", "UI\UI.csproj", "{590E0C08-5C8E-43B0-A218-06064817B0F7}"
EndProject
Project("{FAE04EC0-301F-11D3-BF4B-00C04F79EFBC}") = "Library", "Library\Library.csproj", "{EEBCCBB5-2F32-4E24-B2FD-313BF6277FAE}"
EndProject
Global
	GlobalSection(SolutionConfigurationPlatforms) = preSolution
		Debug|Any CPU = Debug|Any CPU
		Release|Any CPU = Release|Any CPU
	EndGlobalSection
	GlobalSection(ProjectConfigurationPlatforms) = postSolution
		{590E0C08-5C8E-43B0-A218-06064817B0F7}.Debug|Any CPU.ActiveCfg = Debug|Any CPU
		{590E0C08-5C8E-43B0-A218-06064817B0F7}.Debug|Any CPU.Build.0 = Debug|Any CPU
		{590E0C08-5C8E-43B0-A218-06064817B0F7}.Release|Any CPU.ActiveCfg = Release|Any CPU
		{590E0C08-5C8E-43B0-A218-06064817B0F7}.Release|Any CPU.Build.0 = Release|Any CPU
		{EEBCCBB5-2F32-4E24-B2FD-313BF6277FAE}.Debug|Any CPU.ActiveCfg = Debug|Any CPU
		{EEBCCBB5-2F32-4E24-B2FD-313BF6277FAE}.Debug|Any CPU.Build.0 = Debug|Any CPU
		{EEBCCBB5-2F32-4E24-B2FD-313BF6277FAE}.Release|Any CPU.ActiveCfg = Release|Any CPU
		{EEBCCBB5-2F32-4E24-B2FD-313BF6277FAE}.Release|Any CPU.Build.0 = Release|Any CPU
	EndGlobalSection
	GlobalSection(SolutionProperties) = preSolution
		HideSolutionNode = FALSE
	EndGlobalSection
	GlobalSection(ExtensibilityGlobals) = postSolution
		SolutionGuid = {5BFA626E-904A-4704-8DB5-E451A51DEE89}
	EndGlobalSection
EndGlobal
